{
  "name": "totallman-example",
  "version": "1.0.0",
  "lockfileVersion": 3,
  "requires": true,
  "packages": {
    "": {
      "name": "totallman-example",
      "version": "1.0.0",
      "dependencies": {
        "totallman": "file:../../languages/js"
      }
    },
    "../../languages/js": {
      "name": "totallman",
      "version": "2.0.0",
      "license": "MIT",
      "bin": {
        "totallman": "dist/cjs/cli.js"
      },
      "devDependencies": {
        "@types/node": "^26.0.0",
        "@typescript-eslint/eslint-plugin": "^8.62.0",
        "@typescript-eslint/parser": "^8.62.0",
        "eslint": "^10.5.0",
        "prettier": "^3.0.0",
        "typescript": "^5.0.0",
        "typescript-eslint": "^8.62.0"
      },
      "engines": {
        "node": ">=18"
      }
    },
    "node_modules/totallman": {
      "resolved": "../../languages/js",
      "link": true
    }
  }
}
