
Microsoft Visual Studio Solution File, Format Version 12.00
# Visual Studio Version 17
VisualStudioVersion = 17.0.31903.59
MinimumVisualStudioVersion = 10.0.40219.1
Project("{FAE04EC0-301F-11D3-BF4B-00C04F79EFBC}") = "ToTallman", "src\ToTallman\ToTallman.csproj", "{9A19103F-16F7-4668-BE54-9A1E7A4F7556}"
EndProject
Project("{FAE04EC0-301F-11D3-BF4B-00C04F79EFBC}") = "ToTallman.Demo", "src\ToTallman.Demo\ToTallman.Demo.csproj", "{2C8C5DAF-75D7-41D5-A295-C8A65F26B8B6}"
EndProject
Project("{FAE04EC0-301F-11D3-BF4B-00C04F79EFBC}") = "ToTallman.Tests", "tests\ToTallman.Tests\ToTallman.Tests.csproj", "{3E2F4C94-8B97-4DAF-9B72-E7F0D8A6E4C1}"
EndProject
Global
	GlobalSection(SolutionConfigurationPlatforms) = preSolution
		Debug|Any CPU = Debug|Any CPU
		Release|Any CPU = Release|Any CPU
	EndGlobalSection
	GlobalSection(ProjectConfigurationPlatforms) = postSolution
		{9A19103F-16F7-4668-BE54-9A1E7A4F7556}.Debug|Any CPU.ActiveCfg = Debug|Any CPU
		{9A19103F-16F7-4668-BE54-9A1E7A4F7556}.Debug|Any CPU.Build.0 = Debug|Any CPU
		{9A19103F-16F7-4668-BE54-9A1E7A4F7556}.Release|Any CPU.ActiveCfg = Release|Any CPU
		{9A19103F-16F7-4668-BE54-9A1E7A4F7556}.Release|Any CPU.Build.0 = Release|Any CPU
		{2C8C5DAF-75D7-41D5-A295-C8A65F26B8B6}.Debug|Any CPU.ActiveCfg = Debug|Any CPU
		{2C8C5DAF-75D7-41D5-A295-C8A65F26B8B6}.Debug|Any CPU.Build.0 = Debug|Any CPU
		{2C8C5DAF-75D7-41D5-A295-C8A65F26B8B6}.Release|Any CPU.ActiveCfg = Release|Any CPU
		{2C8C5DAF-75D7-41D5-A295-C8A65F26B8B6}.Release|Any CPU.Build.0 = Release|Any CPU
		{3E2F4C94-8B97-4DAF-9B72-E7F0D8A6E4C1}.Debug|Any CPU.ActiveCfg = Debug|Any CPU
		{3E2F4C94-8B97-4DAF-9B72-E7F0D8A6E4C1}.Debug|Any CPU.Build.0 = Debug|Any CPU
		{3E2F4C94-8B97-4DAF-9B72-E7F0D8A6E4C1}.Release|Any CPU.ActiveCfg = Release|Any CPU
		{3E2F4C94-8B97-4DAF-9B72-E7F0D8A6E4C1}.Release|Any CPU.Build.0 = Release|Any CPU
	EndGlobalSection
	GlobalSection(SolutionProperties) = preSolution
		HideSolutionNode = FALSE
	EndGlobalSection
EndGlobal
